
Microsoft Visual Studio Solution File, Format Version 12.00
# Visual Studio Version 16
VisualStudioVersion = 16.0.29326.143
MinimumVisualStudioVersion = 10.0.40219.1
Project("{FAE04EC0-301F-11D3-BF4B-00C04F79EFBC}") = "MoksnesChrismas", "MoksnesChrismas\MoksnesChrismas.csproj", "{9F596162-2027-4D7D-BA09-F547FBEA4917}"
EndProject
Global
	GlobalSection(SolutionConfigurationPlatforms) = preSolution
		Debug|Any CPU = Debug|Any CPU
		Release|Any CPU = Release|Any CPU
	EndGlobalSection
	GlobalSection(ProjectConfigurationPlatforms) = postSolution
		{9F596162-2027-4D7D-BA09-F547FBEA4917}.Debug|Any CPU.ActiveCfg = Debug|Any CPU
		{9F596162-2027-4D7D-BA09-F547FBEA4917}.Debug|Any CPU.Build.0 = Debug|Any CPU
		{9F596162-2027-4D7D-BA09-F547FBEA4917}.Release|Any CPU.ActiveCfg = Release|Any CPU
		{9F596162-2027-4D7D-BA09-F547FBEA4917}.Release|Any CPU.Build.0 = Release|Any CPU
	EndGlobalSection
	GlobalSection(SolutionProperties) = preSolution
		HideSolutionNode = FALSE
	EndGlobalSection
	GlobalSection(ExtensibilityGlobals) = postSolution
		SolutionGuid = {0E9208BF-D410-4E03-8056-9221D4BD5687}
	EndGlobalSection
EndGlobal
